
Microsoft Visual Studio Solution File, Format Version 12.00
# Visual Studio Version 16
VisualStudioVersion = 16.0.32002.261
MinimumVisualStudioVersion = 10.0.40219.1
Project("{9A19103F-16F7-4668-BE54-9A1E7A4F7556}") = "Universe.LzmaDecompressor", "Universe.LzmaDecompressor\Universe.LzmaDecompressor.csproj", "{96C1A731-5E29-4457-B1CA-330DF0B4B705}"
EndProject
Project("{9A19103F-16F7-4668-BE54-9A1E7A4F7556}") = "Universe.LzmaDecompressor.Tests", "Universe.LzmaDecompressor.Tests\Universe.LzmaDecompressor.Tests.csproj", "{EA7ADCE9-A489-4E37-BEFE-4C5CACD7155D}"
EndProject
Project("{2150E333-8FDC-42A3-9474-1A3956D46DE8}") = "Solution Items", "Solution Items", "{A5D70E0A-B320-42C8-85D9-ECBB85855AF6}"
	ProjectSection(SolutionItems) = preProject
		.editorconfig = .editorconfig
		azure-pipelines.yml = azure-pipelines.yml
	EndProjectSection
EndProject
Global
	GlobalSection(SolutionConfigurationPlatforms) = preSolution
		Debug|Any CPU = Debug|Any CPU
		Release|Any CPU = Release|Any CPU
	EndGlobalSection
	GlobalSection(ProjectConfigurationPlatforms) = postSolution
		{96C1A731-5E29-4457-B1CA-330DF0B4B705}.Debug|Any CPU.ActiveCfg = Debug|Any CPU
		{96C1A731-5E29-4457-B1CA-330DF0B4B705}.Debug|Any CPU.Build.0 = Debug|Any CPU
		{96C1A731-5E29-4457-B1CA-330DF0B4B705}.Release|Any CPU.ActiveCfg = Release|Any CPU
		{96C1A731-5E29-4457-B1CA-330DF0B4B705}.Release|Any CPU.Build.0 = Release|Any CPU
		{EA7ADCE9-A489-4E37-BEFE-4C5CACD7155D}.Debug|Any CPU.ActiveCfg = Debug|Any CPU
		{EA7ADCE9-A489-4E37-BEFE-4C5CACD7155D}.Debug|Any CPU.Build.0 = Debug|Any CPU
		{EA7ADCE9-A489-4E37-BEFE-4C5CACD7155D}.Release|Any CPU.ActiveCfg = Release|Any CPU
		{EA7ADCE9-A489-4E37-BEFE-4C5CACD7155D}.Release|Any CPU.Build.0 = Release|Any CPU
	EndGlobalSection
	GlobalSection(SolutionProperties) = preSolution
		HideSolutionNode = FALSE
	EndGlobalSection
	GlobalSection(ExtensibilityGlobals) = postSolution
		SolutionGuid = {692F950C-1C0F-47FA-BF80-F776FE610C0E}
	EndGlobalSection
EndGlobal
